
Microsoft Visual Studio Solution File, Format Version 10.00
# Visual C# Express 2008
Project("{FAE04EC0-301F-11D3-BF4B-00C04F79EFBC}") = "HorusApplication", "HorusApplication\HorusApplication.csproj", "{C7885371-7CB9-43CC-BD0B-241F7FE2687C}"
EndProject
Global
	GlobalSection(SolutionConfigurationPlatforms) = preSolution
		Debug|Any CPU = Debug|Any CPU
		Debug|x86 = Debug|x86
		Release|Any CPU = Release|Any CPU
		Release|x86 = Release|x86
	EndGlobalSection
	GlobalSection(ProjectConfigurationPlatforms) = postSolution
		{C7885371-7CB9-43CC-BD0B-241F7FE2687C}.Debug|Any CPU.ActiveCfg = Debug|Any CPU
		{C7885371-7CB9-43CC-BD0B-241F7FE2687C}.Debug|Any CPU.Build.0 = Debug|Any CPU
		{C7885371-7CB9-43CC-BD0B-241F7FE2687C}.Debug|x86.ActiveCfg = Debug|x86
		{C7885371-7CB9-43CC-BD0B-241F7FE2687C}.Debug|x86.Build.0 = Debug|x86
		{C7885371-7CB9-43CC-BD0B-241F7FE2687C}.Release|Any CPU.ActiveCfg = Release|Any CPU
		{C7885371-7CB9-43CC-BD0B-241F7FE2687C}.Release|Any CPU.Build.0 = Release|Any CPU
		{C7885371-7CB9-43CC-BD0B-241F7FE2687C}.Release|x86.ActiveCfg = Release|x86
		{C7885371-7CB9-43CC-BD0B-241F7FE2687C}.Release|x86.Build.0 = Release|x86
	EndGlobalSection
	GlobalSection(SolutionProperties) = preSolution
		HideSolutionNode = FALSE
	EndGlobalSection
EndGlobal
